
Microsoft Visual Studio Solution File, Format Version 12.00
Project("{FAE04EC0-301F-11D3-BF4B-00C04F79EFBC}") = "Vital", "Vital\Vital.csproj", "{B4DD5FC8-6C88-49C1-8B89-59F75B65EB0C}"
EndProject
Project("{2150E333-8FDC-42A3-9474-1A3956D46DE8}") = "items", "items", "{C0DF739F-8720-48CB-A88B-8455C5C1F81E}"
	ProjectSection(SolutionItems) = preProject
		.editorconfig = .editorconfig
		.gitignore = .gitignore
		global.json = global.json
		README.md = README.md
		.deployment = .deployment
	EndProjectSection
EndProject
Project("{FAE04EC0-301F-11D3-BF4B-00C04F79EFBC}") = "Infrastructure", "Infrastructure\Infrastructure.csproj", "{EE997A7B-EFB8-46E1-AD59-2ED76CD71511}"
EndProject
Project("{FAE04EC0-301F-11D3-BF4B-00C04F79EFBC}") = "Models", "Models\Models.csproj", "{04834CC7-DE30-44FF-B6B5-2B194BE13EA3}"
EndProject
Project("{2150E333-8FDC-42A3-9474-1A3956D46DE8}") = "tests", "tests", "{21BAAA55-61DC-43D8-84E8-7819EC214C87}"
EndProject
Project("{FAE04EC0-301F-11D3-BF4B-00C04F79EFBC}") = "IntegrationTests", "IntegrationTests\IntegrationTests.csproj", "{D90D944B-989D-44DF-A4DF-3411A7B0EA8D}"
EndProject
Global
	GlobalSection(SolutionConfigurationPlatforms) = preSolution
		Debug|Any CPU = Debug|Any CPU
		Release|Any CPU = Release|Any CPU
	EndGlobalSection
	GlobalSection(ProjectConfigurationPlatforms) = postSolution
		{B4DD5FC8-6C88-49C1-8B89-59F75B65EB0C}.Debug|Any CPU.ActiveCfg = Debug|Any CPU
		{B4DD5FC8-6C88-49C1-8B89-59F75B65EB0C}.Debug|Any CPU.Build.0 = Debug|Any CPU
		{B4DD5FC8-6C88-49C1-8B89-59F75B65EB0C}.Release|Any CPU.ActiveCfg = Release|Any CPU
		{B4DD5FC8-6C88-49C1-8B89-59F75B65EB0C}.Release|Any CPU.Build.0 = Release|Any CPU
		{EE997A7B-EFB8-46E1-AD59-2ED76CD71511}.Debug|Any CPU.ActiveCfg = Debug|Any CPU
		{EE997A7B-EFB8-46E1-AD59-2ED76CD71511}.Debug|Any CPU.Build.0 = Debug|Any CPU
		{EE997A7B-EFB8-46E1-AD59-2ED76CD71511}.Release|Any CPU.ActiveCfg = Release|Any CPU
		{EE997A7B-EFB8-46E1-AD59-2ED76CD71511}.Release|Any CPU.Build.0 = Release|Any CPU
		{04834CC7-DE30-44FF-B6B5-2B194BE13EA3}.Debug|Any CPU.ActiveCfg = Debug|Any CPU
		{04834CC7-DE30-44FF-B6B5-2B194BE13EA3}.Debug|Any CPU.Build.0 = Debug|Any CPU
		{04834CC7-DE30-44FF-B6B5-2B194BE13EA3}.Release|Any CPU.ActiveCfg = Release|Any CPU
		{04834CC7-DE30-44FF-B6B5-2B194BE13EA3}.Release|Any CPU.Build.0 = Release|Any CPU
		{D90D944B-989D-44DF-A4DF-3411A7B0EA8D}.Debug|Any CPU.ActiveCfg = Debug|Any CPU
		{D90D944B-989D-44DF-A4DF-3411A7B0EA8D}.Debug|Any CPU.Build.0 = Debug|Any CPU
		{D90D944B-989D-44DF-A4DF-3411A7B0EA8D}.Release|Any CPU.ActiveCfg = Release|Any CPU
		{D90D944B-989D-44DF-A4DF-3411A7B0EA8D}.Release|Any CPU.Build.0 = Release|Any CPU
	EndGlobalSection
	GlobalSection(NestedProjects) = preSolution
		{D90D944B-989D-44DF-A4DF-3411A7B0EA8D} = {21BAAA55-61DC-43D8-84E8-7819EC214C87}
	EndGlobalSection
EndGlobal
